
Microsoft Visual Studio Solution File, Format Version 12.00
# Visual Studio 15
VisualStudioVersion = 15.0.27703.2035
MinimumVisualStudioVersion = 10.0.40219.1
Project("{8BC9CEB8-8B4A-11D0-8D11-00A0C91BC942}") = "TempConversion", "TempConversion\TempConversion.vcxproj", "{D6276DE0-96E9-4C7F-B568-8CFE08C109DA}"
EndProject
Global
	GlobalSection(SolutionConfigurationPlatforms) = preSolution
		Debug|x64 = Debug|x64
		Debug|x86 = Debug|x86
		Release|x64 = Release|x64
		Release|x86 = Release|x86
	EndGlobalSection
	GlobalSection(ProjectConfigurationPlatforms) = postSolution
		{D6276DE0-96E9-4C7F-B568-8CFE08C109DA}.Debug|x64.ActiveCfg = Debug|x64
		{D6276DE0-96E9-4C7F-B568-8CFE08C109DA}.Debug|x64.Build.0 = Debug|x64
		{D6276DE0-96E9-4C7F-B568-8CFE08C109DA}.Debug|x86.ActiveCfg = Debug|Win32
		{D6276DE0-96E9-4C7F-B568-8CFE08C109DA}.Debug|x86.Build.0 = Debug|Win32
		{D6276DE0-96E9-4C7F-B568-8CFE08C109DA}.Release|x64.ActiveCfg = Release|x64
		{D6276DE0-96E9-4C7F-B568-8CFE08C109DA}.Release|x64.Build.0 = Release|x64
		{D6276DE0-96E9-4C7F-B568-8CFE08C109DA}.Release|x86.ActiveCfg = Release|Win32
		{D6276DE0-96E9-4C7F-B568-8CFE08C109DA}.Release|x86.Build.0 = Release|Win32
	EndGlobalSection
	GlobalSection(SolutionProperties) = preSolution
		HideSolutionNode = FALSE
	EndGlobalSection
	GlobalSection(ExtensibilityGlobals) = postSolution
		SolutionGuid = {494A5065-01C4-448B-B712-0C33795EDCEF}
	EndGlobalSection
EndGlobal
